
Microsoft Visual Studio Solution File, Format Version 12.00
# Visual Studio 14
VisualStudioVersion = 14.0.25420.1
MinimumVisualStudioVersion = 10.0.40219.1
Project("{FAE04EC0-301F-11D3-BF4B-00C04F79EFBC}") = "Day1", "AdventOfCode\Day1.csproj", "{1F2ABC9A-0661-4C26-B86C-14921485E735}"
EndProject
Project("{FAE04EC0-301F-11D3-BF4B-00C04F79EFBC}") = "Day2", "Day2\Day2.csproj", "{AEB189A7-2FE4-43C5-83EB-2861AA4C1460}"
EndProject
Project("{FAE04EC0-301F-11D3-BF4B-00C04F79EFBC}") = "Day3", "Day3\Day3.csproj", "{60B610FD-8BCD-4D7F-BDDE-B39E3115DD16}"
EndProject
Project("{FAE04EC0-301F-11D3-BF4B-00C04F79EFBC}") = "Day3Tests", "Day3Tests\Day3Tests.csproj", "{8ED19FD0-32C4-4CD9-9B7C-59559BDF9E80}"
EndProject
Project("{FAE04EC0-301F-11D3-BF4B-00C04F79EFBC}") = "Day4", "Day4\Day4.csproj", "{6BAE169C-F31B-4ABC-86DA-CE37478A3C31}"
EndProject
Project("{FAE04EC0-301F-11D3-BF4B-00C04F79EFBC}") = "Day4Tests", "Day4Tests\Day4Tests.csproj", "{34E78288-2D06-4756-813D-D02596AF16A6}"
EndProject
Project("{FAE04EC0-301F-11D3-BF4B-00C04F79EFBC}") = "Day5", "Day5\Day5.csproj", "{B82344EF-737A-495E-9A1C-1D46C1FEED7A}"
EndProject
Project("{FAE04EC0-301F-11D3-BF4B-00C04F79EFBC}") = "Day5Tests", "Day5Tests\Day5Tests.csproj", "{0F2EAAD8-239D-4FCE-A489-5BE70819AB6C}"
EndProject
Project("{FAE04EC0-301F-11D3-BF4B-00C04F79EFBC}") = "Day6", "Day6\Day6.csproj", "{28307876-1377-4608-B697-0F7F31D29882}"
EndProject
Project("{FAE04EC0-301F-11D3-BF4B-00C04F79EFBC}") = "Day6Tests", "Day6Tests\Day6Tests.csproj", "{E38D01C7-5C2B-4BD1-9959-D00DF4A02CA5}"
EndProject
Project("{FAE04EC0-301F-11D3-BF4B-00C04F79EFBC}") = "Day7", "Day7\Day7.csproj", "{C410C133-DDBB-4126-8143-0263B3E0620F}"
EndProject
Project("{FAE04EC0-301F-11D3-BF4B-00C04F79EFBC}") = "Day7Tests", "Day7Tests\Day7Tests.csproj", "{8550DFCB-C61E-42F0-AD3E-9E5DDC6EE75B}"
EndProject
Project("{FAE04EC0-301F-11D3-BF4B-00C04F79EFBC}") = "Day8", "Day8\Day8.csproj", "{13FD1658-1ED8-43CE-AC0C-8B97B1515119}"
EndProject
Project("{FAE04EC0-301F-11D3-BF4B-00C04F79EFBC}") = "Day8Tests", "Day8Tests\Day8Tests.csproj", "{DEA77633-5D11-4037-AB3A-7C488431BA69}"
EndProject
Project("{2150E333-8FDC-42A3-9474-1A3956D46DE8}") = "Day9", "Day9", "{3A921877-FE9B-4275-BA56-B0A5893469B5}"
EndProject
Project("{FAE04EC0-301F-11D3-BF4B-00C04F79EFBC}") = "Day9", "Day9\Day9.csproj", "{C3903319-EA03-407C-9633-E786EF11D06E}"
EndProject
Project("{FAE04EC0-301F-11D3-BF4B-00C04F79EFBC}") = "Day9Tests", "Day9Tests\Day9Tests.csproj", "{FC8A32A7-EFAE-4FEF-AE9D-FB00668BEF73}"
EndProject
Project("{2150E333-8FDC-42A3-9474-1A3956D46DE8}") = "Day13", "Day13", "{68DBDF21-196F-4D45-BE41-0E2BAECF95C0}"
EndProject
Project("{FAE04EC0-301F-11D3-BF4B-00C04F79EFBC}") = "Day13", "Day13\Day13.csproj", "{BA6FED28-8B68-4141-B343-A7050622D370}"
EndProject
Project("{2150E333-8FDC-42A3-9474-1A3956D46DE8}") = "Day19", "Day19", "{95F675CD-73F6-4D9E-8630-F36E44680ACD}"
EndProject
Project("{FAE04EC0-301F-11D3-BF4B-00C04F79EFBC}") = "Day19", "Day19\Day19.csproj", "{C192CBDE-C441-4BB4-9B60-1CD86ECDF88E}"
EndProject
Project("{FAE04EC0-301F-11D3-BF4B-00C04F79EFBC}") = "Day19Tests", "Day19Tests\Day19Tests.csproj", "{6A5A8FA2-4BDF-4A6F-A606-65FB69C45469}"
EndProject
Project("{2150E333-8FDC-42A3-9474-1A3956D46DE8}") = "Day22", "Day22", "{C74F021C-B82A-450D-AACC-AF9EA991BA65}"
EndProject
Project("{FAE04EC0-301F-11D3-BF4B-00C04F79EFBC}") = "GridComputing", "GridComputing\GridComputing.csproj", "{97CA6152-6661-4530-9E81-22A74ACA94BE}"
EndProject
Global
	GlobalSection(SolutionConfigurationPlatforms) = preSolution
		Debug|Any CPU = Debug|Any CPU
		Release|Any CPU = Release|Any CPU
	EndGlobalSection
	GlobalSection(ProjectConfigurationPlatforms) = postSolution
		{1F2ABC9A-0661-4C26-B86C-14921485E735}.Debug|Any CPU.ActiveCfg = Debug|Any CPU
		{1F2ABC9A-0661-4C26-B86C-14921485E735}.Debug|Any CPU.Build.0 = Debug|Any CPU
		{1F2ABC9A-0661-4C26-B86C-14921485E735}.Release|Any CPU.ActiveCfg = Release|Any CPU
		{1F2ABC9A-0661-4C26-B86C-14921485E735}.Release|Any CPU.Build.0 = Release|Any CPU
		{AEB189A7-2FE4-43C5-83EB-2861AA4C1460}.Debug|Any CPU.ActiveCfg = Debug|Any CPU
		{AEB189A7-2FE4-43C5-83EB-2861AA4C1460}.Debug|Any CPU.Build.0 = Debug|Any CPU
		{AEB189A7-2FE4-43C5-83EB-2861AA4C1460}.Release|Any CPU.ActiveCfg = Release|Any CPU
		{AEB189A7-2FE4-43C5-83EB-2861AA4C1460}.Release|Any CPU.Build.0 = Release|Any CPU
		{60B610FD-8BCD-4D7F-BDDE-B39E3115DD16}.Debug|Any CPU.ActiveCfg = Debug|Any CPU
		{60B610FD-8BCD-4D7F-BDDE-B39E3115DD16}.Debug|Any CPU.Build.0 = Debug|Any CPU
		{60B610FD-8BCD-4D7F-BDDE-B39E3115DD16}.Release|Any CPU.ActiveCfg = Release|Any CPU
		{60B610FD-8BCD-4D7F-BDDE-B39E3115DD16}.Release|Any CPU.Build.0 = Release|Any CPU
		{8ED19FD0-32C4-4CD9-9B7C-59559BDF9E80}.Debug|Any CPU.ActiveCfg = Debug|Any CPU
		{8ED19FD0-32C4-4CD9-9B7C-59559BDF9E80}.Debug|Any CPU.Build.0 = Debug|Any CPU
		{8ED19FD0-32C4-4CD9-9B7C-59559BDF9E80}.Release|Any CPU.ActiveCfg = Release|Any CPU
		{8ED19FD0-32C4-4CD9-9B7C-59559BDF9E80}.Release|Any CPU.Build.0 = Release|Any CPU
		{6BAE169C-F31B-4ABC-86DA-CE37478A3C31}.Debug|Any CPU.ActiveCfg = Debug|Any CPU
		{6BAE169C-F31B-4ABC-86DA-CE37478A3C31}.Debug|Any CPU.Build.0 = Debug|Any CPU
		{6BAE169C-F31B-4ABC-86DA-CE37478A3C31}.Release|Any CPU.ActiveCfg = Release|Any CPU
		{6BAE169C-F31B-4ABC-86DA-CE37478A3C31}.Release|Any CPU.Build.0 = Release|Any CPU
		{34E78288-2D06-4756-813D-D02596AF16A6}.Debug|Any CPU.ActiveCfg = Debug|Any CPU
		{34E78288-2D06-4756-813D-D02596AF16A6}.Debug|Any CPU.Build.0 = Debug|Any CPU
		{34E78288-2D06-4756-813D-D02596AF16A6}.Release|Any CPU.ActiveCfg = Release|Any CPU
		{34E78288-2D06-4756-813D-D02596AF16A6}.Release|Any CPU.Build.0 = Release|Any CPU
		{B82344EF-737A-495E-9A1C-1D46C1FEED7A}.Debug|Any CPU.ActiveCfg = Debug|Any CPU
		{B82344EF-737A-495E-9A1C-1D46C1FEED7A}.Debug|Any CPU.Build.0 = Debug|Any CPU
		{B82344EF-737A-495E-9A1C-1D46C1FEED7A}.Release|Any CPU.ActiveCfg = Release|Any CPU
		{B82344EF-737A-495E-9A1C-1D46C1FEED7A}.Release|Any CPU.Build.0 = Release|Any CPU
		{0F2EAAD8-239D-4FCE-A489-5BE70819AB6C}.Debug|Any CPU.ActiveCfg = Debug|Any CPU
		{0F2EAAD8-239D-4FCE-A489-5BE70819AB6C}.Debug|Any CPU.Build.0 = Debug|Any CPU
		{0F2EAAD8-239D-4FCE-A489-5BE70819AB6C}.Release|Any CPU.ActiveCfg = Release|Any CPU
		{0F2EAAD8-239D-4FCE-A489-5BE70819AB6C}.Release|Any CPU.Build.0 = Release|Any CPU
		{28307876-1377-4608-B697-0F7F31D29882}.Debug|Any CPU.ActiveCfg = Debug|Any CPU
		{28307876-1377-4608-B697-0F7F31D29882}.Debug|Any CPU.Build.0 = Debug|Any CPU
		{28307876-1377-4608-B697-0F7F31D29882}.Release|Any CPU.ActiveCfg = Release|Any CPU
		{28307876-1377-4608-B697-0F7F31D29882}.Release|Any CPU.Build.0 = Release|Any CPU
		{E38D01C7-5C2B-4BD1-9959-D00DF4A02CA5}.Debug|Any CPU.ActiveCfg = Debug|Any CPU
		{E38D01C7-5C2B-4BD1-9959-D00DF4A02CA5}.Debug|Any CPU.Build.0 = Debug|Any CPU
		{E38D01C7-5C2B-4BD1-9959-D00DF4A02CA5}.Release|Any CPU.ActiveCfg = Release|Any CPU
		{E38D01C7-5C2B-4BD1-9959-D00DF4A02CA5}.Release|Any CPU.Build.0 = Release|Any CPU
		{C410C133-DDBB-4126-8143-0263B3E0620F}.Debug|Any CPU.ActiveCfg = Debug|Any CPU
		{C410C133-DDBB-4126-8143-0263B3E0620F}.Debug|Any CPU.Build.0 = Debug|Any CPU
		{C410C133-DDBB-4126-8143-0263B3E0620F}.Release|Any CPU.ActiveCfg = Release|Any CPU
		{C410C133-DDBB-4126-8143-0263B3E0620F}.Release|Any CPU.Build.0 = Release|Any CPU
		{8550DFCB-C61E-42F0-AD3E-9E5DDC6EE75B}.Debug|Any CPU.ActiveCfg = Debug|Any CPU
		{8550DFCB-C61E-42F0-AD3E-9E5DDC6EE75B}.Debug|Any CPU.Build.0 = Debug|Any CPU
		{8550DFCB-C61E-42F0-AD3E-9E5DDC6EE75B}.Release|Any CPU.ActiveCfg = Release|Any CPU
		{8550DFCB-C61E-42F0-AD3E-9E5DDC6EE75B}.Release|Any CPU.Build.0 = Release|Any CPU
		{13FD1658-1ED8-43CE-AC0C-8B97B1515119}.Debug|Any CPU.ActiveCfg = Debug|Any CPU
		{13FD1658-1ED8-43CE-AC0C-8B97B1515119}.Debug|Any CPU.Build.0 = Debug|Any CPU
		{13FD1658-1ED8-43CE-AC0C-8B97B1515119}.Release|Any CPU.ActiveCfg = Release|Any CPU
		{13FD1658-1ED8-43CE-AC0C-8B97B1515119}.Release|Any CPU.Build.0 = Release|Any CPU
		{DEA77633-5D11-4037-AB3A-7C488431BA69}.Debug|Any CPU.ActiveCfg = Debug|Any CPU
		{DEA77633-5D11-4037-AB3A-7C488431BA69}.Debug|Any CPU.Build.0 = Debug|Any CPU
		{DEA77633-5D11-4037-AB3A-7C488431BA69}.Release|Any CPU.ActiveCfg = Release|Any CPU
		{DEA77633-5D11-4037-AB3A-7C488431BA69}.Release|Any CPU.Build.0 = Release|Any CPU
		{C3903319-EA03-407C-9633-E786EF11D06E}.Debug|Any CPU.ActiveCfg = Debug|Any CPU
		{C3903319-EA03-407C-9633-E786EF11D06E}.Debug|Any CPU.Build.0 = Debug|Any CPU
		{C3903319-EA03-407C-9633-E786EF11D06E}.Release|Any CPU.ActiveCfg = Release|Any CPU
		{C3903319-EA03-407C-9633-E786EF11D06E}.Release|Any CPU.Build.0 = Release|Any CPU
		{FC8A32A7-EFAE-4FEF-AE9D-FB00668BEF73}.Debug|Any CPU.ActiveCfg = Debug|Any CPU
		{FC8A32A7-EFAE-4FEF-AE9D-FB00668BEF73}.Debug|Any CPU.Build.0 = Debug|Any CPU
		{FC8A32A7-EFAE-4FEF-AE9D-FB00668BEF73}.Release|Any CPU.ActiveCfg = Release|Any CPU
		{FC8A32A7-EFAE-4FEF-AE9D-FB00668BEF73}.Release|Any CPU.Build.0 = Release|Any CPU
		{BA6FED28-8B68-4141-B343-A7050622D370}.Debug|Any CPU.ActiveCfg = Debug|Any CPU
		{BA6FED28-8B68-4141-B343-A7050622D370}.Debug|Any CPU.Build.0 = Debug|Any CPU
		{BA6FED28-8B68-4141-B343-A7050622D370}.Release|Any CPU.ActiveCfg = Release|Any CPU
		{BA6FED28-8B68-4141-B343-A7050622D370}.Release|Any CPU.Build.0 = Release|Any CPU
		{C192CBDE-C441-4BB4-9B60-1CD86ECDF88E}.Debug|Any CPU.ActiveCfg = Debug|Any CPU
		{C192CBDE-C441-4BB4-9B60-1CD86ECDF88E}.Debug|Any CPU.Build.0 = Debug|Any CPU
		{C192CBDE-C441-4BB4-9B60-1CD86ECDF88E}.Release|Any CPU.ActiveCfg = Release|Any CPU
		{C192CBDE-C441-4BB4-9B60-1CD86ECDF88E}.Release|Any CPU.Build.0 = Release|Any CPU
		{6A5A8FA2-4BDF-4A6F-A606-65FB69C45469}.Debug|Any CPU.ActiveCfg = Debug|Any CPU
		{6A5A8FA2-4BDF-4A6F-A606-65FB69C45469}.Debug|Any CPU.Build.0 = Debug|Any CPU
		{6A5A8FA2-4BDF-4A6F-A606-65FB69C45469}.Release|Any CPU.ActiveCfg = Release|Any CPU
		{6A5A8FA2-4BDF-4A6F-A606-65FB69C45469}.Release|Any CPU.Build.0 = Release|Any CPU
		{97CA6152-6661-4530-9E81-22A74ACA94BE}.Debug|Any CPU.ActiveCfg = Debug|Any CPU
		{97CA6152-6661-4530-9E81-22A74ACA94BE}.Debug|Any CPU.Build.0 = Debug|Any CPU
		{97CA6152-6661-4530-9E81-22A74ACA94BE}.Release|Any CPU.ActiveCfg = Release|Any CPU
		{97CA6152-6661-4530-9E81-22A74ACA94BE}.Release|Any CPU.Build.0 = Release|Any CPU
	EndGlobalSection
	GlobalSection(SolutionProperties) = preSolution
		HideSolutionNode = FALSE
	EndGlobalSection
	GlobalSection(NestedProjects) = preSolution
		{C3903319-EA03-407C-9633-E786EF11D06E} = {3A921877-FE9B-4275-BA56-B0A5893469B5}
		{FC8A32A7-EFAE-4FEF-AE9D-FB00668BEF73} = {3A921877-FE9B-4275-BA56-B0A5893469B5}
		{BA6FED28-8B68-4141-B343-A7050622D370} = {68DBDF21-196F-4D45-BE41-0E2BAECF95C0}
		{C192CBDE-C441-4BB4-9B60-1CD86ECDF88E} = {95F675CD-73F6-4D9E-8630-F36E44680ACD}
		{6A5A8FA2-4BDF-4A6F-A606-65FB69C45469} = {95F675CD-73F6-4D9E-8630-F36E44680ACD}
		{97CA6152-6661-4530-9E81-22A74ACA94BE} = {C74F021C-B82A-450D-AACC-AF9EA991BA65}
	EndGlobalSection
EndGlobal
