
Microsoft Visual Studio Solution File, Format Version 12.00
# Visual Studio 14
VisualStudioVersion = 14.0.25420.1
MinimumVisualStudioVersion = 10.0.40219.1
Project("{FAE04EC0-301F-11D3-BF4B-00C04F79EFBC}") = "Day1", "AdventOfCode\Day1.csproj", "{1F2ABC9A-0661-4C26-B86C-14921485E735}"
EndProject
Project("{FAE04EC0-301F-11D3-BF4B-00C04F79EFBC}") = "Day2", "Day2\Day2.csproj", "{AEB189A7-2FE4-43C5-83EB-2861AA4C1460}"
EndProject
Project("{FAE04EC0-301F-11D3-BF4B-00C04F79EFBC}") = "Day3", "Day3\Day3.csproj", "{60B610FD-8BCD-4D7F-BDDE-B39E3115DD16}"
EndProject
Project("{FAE04EC0-301F-11D3-BF4B-00C04F79EFBC}") = "Day3Tests", "Day3Tests\Day3Tests.csproj", "{8ED19FD0-32C4-4CD9-9B7C-59559BDF9E80}"
EndProject
Project("{FAE04EC0-301F-11D3-BF4B-00C04F79EFBC}") = "Day4", "Day4\Day4.csproj", "{6BAE169C-F31B-4ABC-86DA-CE37478A3C31}"
EndProject
Project("{FAE04EC0-301F-11D3-BF4B-00C04F79EFBC}") = "Day4Tests", "Day4Tests\Day4Tests.csproj", "{34E78288-2D06-4756-813D-D02596AF16A6}"
EndProject
Project("{FAE04EC0-301F-11D3-BF4B-00C04F79EFBC}") = "Day5", "Day5\Day5.csproj", "{B82344EF-737A-495E-9A1C-1D46C1FEED7A}"
EndProject
Project("{FAE04EC0-301F-11D3-BF4B-00C04F79EFBC}") = "Day5Tests", "Day5Tests\Day5Tests.csproj", "{0F2EAAD8-239D-4FCE-A489-5BE70819AB6C}"
EndProject
Global
	GlobalSection(SolutionConfigurationPlatforms) = preSolution
		Debug|Any CPU = Debug|Any CPU
		Release|Any CPU = Release|Any CPU
	EndGlobalSection
	GlobalSection(ProjectConfigurationPlatforms) = postSolution
		{1F2ABC9A-0661-4C26-B86C-14921485E735}.Debug|Any CPU.ActiveCfg = Debug|Any CPU
		{1F2ABC9A-0661-4C26-B86C-14921485E735}.Debug|Any CPU.Build.0 = Debug|Any CPU
		{1F2ABC9A-0661-4C26-B86C-14921485E735}.Release|Any CPU.ActiveCfg = Release|Any CPU
		{1F2ABC9A-0661-4C26-B86C-14921485E735}.Release|Any CPU.Build.0 = Release|Any CPU
		{AEB189A7-2FE4-43C5-83EB-2861AA4C1460}.Debug|Any CPU.ActiveCfg = Debug|Any CPU
		{AEB189A7-2FE4-43C5-83EB-2861AA4C1460}.Debug|Any CPU.Build.0 = Debug|Any CPU
		{AEB189A7-2FE4-43C5-83EB-2861AA4C1460}.Release|Any CPU.ActiveCfg = Release|Any CPU
		{AEB189A7-2FE4-43C5-83EB-2861AA4C1460}.Release|Any CPU.Build.0 = Release|Any CPU
		{60B610FD-8BCD-4D7F-BDDE-B39E3115DD16}.Debug|Any CPU.ActiveCfg = Debug|Any CPU
		{60B610FD-8BCD-4D7F-BDDE-B39E3115DD16}.Debug|Any CPU.Build.0 = Debug|Any CPU
		{60B610FD-8BCD-4D7F-BDDE-B39E3115DD16}.Release|Any CPU.ActiveCfg = Release|Any CPU
		{60B610FD-8BCD-4D7F-BDDE-B39E3115DD16}.Release|Any CPU.Build.0 = Release|Any CPU
		{8ED19FD0-32C4-4CD9-9B7C-59559BDF9E80}.Debug|Any CPU.ActiveCfg = Debug|Any CPU
		{8ED19FD0-32C4-4CD9-9B7C-59559BDF9E80}.Debug|Any CPU.Build.0 = Debug|Any CPU
		{8ED19FD0-32C4-4CD9-9B7C-59559BDF9E80}.Release|Any CPU.ActiveCfg = Release|Any CPU
		{8ED19FD0-32C4-4CD9-9B7C-59559BDF9E80}.Release|Any CPU.Build.0 = Release|Any CPU
		{6BAE169C-F31B-4ABC-86DA-CE37478A3C31}.Debug|Any CPU.ActiveCfg = Debug|Any CPU
		{6BAE169C-F31B-4ABC-86DA-CE37478A3C31}.Debug|Any CPU.Build.0 = Debug|Any CPU
		{6BAE169C-F31B-4ABC-86DA-CE37478A3C31}.Release|Any CPU.ActiveCfg = Release|Any CPU
		{6BAE169C-F31B-4ABC-86DA-CE37478A3C31}.Release|Any CPU.Build.0 = Release|Any CPU
		{34E78288-2D06-4756-813D-D02596AF16A6}.Debug|Any CPU.ActiveCfg = Debug|Any CPU
		{34E78288-2D06-4756-813D-D02596AF16A6}.Debug|Any CPU.Build.0 = Debug|Any CPU
		{34E78288-2D06-4756-813D-D02596AF16A6}.Release|Any CPU.ActiveCfg = Release|Any CPU
		{34E78288-2D06-4756-813D-D02596AF16A6}.Release|Any CPU.Build.0 = Release|Any CPU
		{B82344EF-737A-495E-9A1C-1D46C1FEED7A}.Debug|Any CPU.ActiveCfg = Debug|Any CPU
		{B82344EF-737A-495E-9A1C-1D46C1FEED7A}.Debug|Any CPU.Build.0 = Debug|Any CPU
		{B82344EF-737A-495E-9A1C-1D46C1FEED7A}.Release|Any CPU.ActiveCfg = Release|Any CPU
		{B82344EF-737A-495E-9A1C-1D46C1FEED7A}.Release|Any CPU.Build.0 = Release|Any CPU
		{0F2EAAD8-239D-4FCE-A489-5BE70819AB6C}.Debug|Any CPU.ActiveCfg = Debug|Any CPU
		{0F2EAAD8-239D-4FCE-A489-5BE70819AB6C}.Debug|Any CPU.Build.0 = Debug|Any CPU
		{0F2EAAD8-239D-4FCE-A489-5BE70819AB6C}.Release|Any CPU.ActiveCfg = Release|Any CPU
		{0F2EAAD8-239D-4FCE-A489-5BE70819AB6C}.Release|Any CPU.Build.0 = Release|Any CPU
	EndGlobalSection
	GlobalSection(SolutionProperties) = preSolution
		HideSolutionNode = FALSE
	EndGlobalSection
EndGlobal
